// !$*UTF8*$!
{
	archiveVersion = 1;
	classes = {
	};
	objectVersion = 46;
	objects = {

/* Begin PBXBuildFile section */
		13D2F2D3664F415BE272903A /* Foundation.framework in Frameworks */ = {isa = PBXBuildFile; fileRef = 0EBA460CF0BE1189A006E2F1 /* Foundation.framework */; };
		15F99C50EB8FE7E424DA04DE /* PaginationCoordinatorTests.swift in Sources */ = {isa = PBXBuildFile; fileRef = 293D1A1EFA7EBCAA7F93EAA6 /* PaginationCoordinatorTests.swift */; };
		34E30BA81E5ED755165C24DE /* DemoDetailViewController.swift in Sources */ = {isa = PBXBuildFile; fileRef = 51C61C2D5BD7E4ED42EFDB8F /* DemoDetailViewController.swift */; };
		3C0B4A208FA9081DDBC97F84 /* TideRefresh in Frameworks */ = {isa = PBXBuildFile; productRef = 079AC40CA99870AD55838C92 /* TideRefresh */; };
		3CA674D005099368A875C288 /* DemoModels.swift in Sources */ = {isa = PBXBuildFile; fileRef = 08F325C5B60A6D38519736A1 /* DemoModels.swift */; };
		50D0A3C858FBC5372DA5BCB6 /* RefreshControllerTests.swift in Sources */ = {isa = PBXBuildFile; fileRef = 9012C9AB4CD189FDCD521A65 /* RefreshControllerTests.swift */; };
		724E4361683BFF909BAAFC63 /* TideRefresh in Frameworks */ = {isa = PBXBuildFile; productRef = 83E00983B5B518730643574E /* TideRefresh */; };
		76EF4B53A6CE288850DFC55C /* Foundation.framework in Frameworks */ = {isa = PBXBuildFile; fileRef = 0EBA460CF0BE1189A006E2F1 /* Foundation.framework */; };
		8D3F6F27A450C23E777398E8 /* DemoListViewController.swift in Sources */ = {isa = PBXBuildFile; fileRef = C4172194BDEA6B822CD869C5 /* DemoListViewController.swift */; };
		C38567B75BE4B8CBAFE6AA93 /* AppDelegate.swift in Sources */ = {isa = PBXBuildFile; fileRef = E83FE54FE52B575754CF4F91 /* AppDelegate.swift */; };
		C72B44B6AFA66DEE909E7CCD /* SceneDelegate.swift in Sources */ = {isa = PBXBuildFile; fileRef = 89DE2883C3FAC4E6A9484111 /* SceneDelegate.swift */; };
		D75177180CF3F024E5030B53 /* DemoViewController.swift in Sources */ = {isa = PBXBuildFile; fileRef = 84C096CD60CC70CF0A3E3D64 /* DemoViewController.swift */; };
		DEECE47277546BDFEB6A121F /* Foundation.framework in Frameworks */ = {isa = PBXBuildFile; fileRef = 0EBA460CF0BE1189A006E2F1 /* Foundation.framework */; };
		E22C4CC27DA6A0264F95A675 /* DemoUITests.swift in Sources */ = {isa = PBXBuildFile; fileRef = 80F033CBB2464ADFA6D8A4E4 /* DemoUITests.swift */; };
		ECA885ED9998EBB36B77E5AB /* ConfigurationTests.swift in Sources */ = {isa = PBXBuildFile; fileRef = 444FA4877DA5812BBAB88005 /* ConfigurationTests.swift */; };
/* End PBXBuildFile section */

/* Begin PBXContainerItemProxy section */
		511B44C803DD518E46A95CC8 /* PBXContainerItemProxy */ = {
			isa = PBXContainerItemProxy;
			containerPortal = 5EC131A876DB592F0FCB82C9 /* Project object */;
			proxyType = 1;
			remoteGlobalIDString = 13288834846368499DB79FB4;
			remoteInfo = TideRefreshDemo;
		};
		8FE45604B4E39F8F5C149024 /* PBXContainerItemProxy */ = {
			isa = PBXContainerItemProxy;
			containerPortal = 5EC131A876DB592F0FCB82C9 /* Project object */;
			proxyType = 1;
			remoteGlobalIDString = 13288834846368499DB79FB4;
			remoteInfo = TideRefreshDemo;
		};
/* End PBXContainerItemProxy section */

/* Begin PBXFileReference section */
		08F325C5B60A6D38519736A1 /* DemoModels.swift */ = {isa = PBXFileReference; includeInIndex = 1; lastKnownFileType = sourcecode.swift; name = DemoModels.swift; path = TideRefreshDemo/DemoModels.swift; sourceTree = "<group>"; };
		0EBA460CF0BE1189A006E2F1 /* Foundation.framework */ = {isa = PBXFileReference; lastKnownFileType = wrapper.framework; name = Foundation.framework; path = Platforms/iPhoneOS.platform/Developer/SDKs/iPhoneOS26.0.sdk/System/Library/Frameworks/Foundation.framework; sourceTree = DEVELOPER_DIR; };
		293D1A1EFA7EBCAA7F93EAA6 /* PaginationCoordinatorTests.swift */ = {isa = PBXFileReference; includeInIndex = 1; lastKnownFileType = sourcecode.swift; name = PaginationCoordinatorTests.swift; path = ../Tests/TideRefreshTests/PaginationCoordinatorTests.swift; sourceTree = "<group>"; };
		444FA4877DA5812BBAB88005 /* ConfigurationTests.swift */ = {isa = PBXFileReference; includeInIndex = 1; lastKnownFileType = sourcecode.swift; name = ConfigurationTests.swift; path = ../Tests/TideRefreshTests/ConfigurationTests.swift; sourceTree = "<group>"; };
		4DD1EAE565B41D37A821BB50 /* TideRefreshDemoUITests.xctest */ = {isa = PBXFileReference; explicitFileType = wrapper.cfbundle; includeInIndex = 0; path = TideRefreshDemoUITests.xctest; sourceTree = BUILT_PRODUCTS_DIR; };
		51C61C2D5BD7E4ED42EFDB8F /* DemoDetailViewController.swift */ = {isa = PBXFileReference; includeInIndex = 1; lastKnownFileType = sourcecode.swift; name = DemoDetailViewController.swift; path = TideRefreshDemo/DemoDetailViewController.swift; sourceTree = "<group>"; };
		544BAE2B5CFBDD1DCED98388 /* TideRefreshTests.xctest */ = {isa = PBXFileReference; explicitFileType = wrapper.cfbundle; includeInIndex = 0; path = TideRefreshTests.xctest; sourceTree = BUILT_PRODUCTS_DIR; };
		80F033CBB2464ADFA6D8A4E4 /* DemoUITests.swift */ = {isa = PBXFileReference; includeInIndex = 1; lastKnownFileType = sourcecode.swift; name = DemoUITests.swift; path = TideRefreshDemoUITests/DemoUITests.swift; sourceTree = "<group>"; };
		84C096CD60CC70CF0A3E3D64 /* DemoViewController.swift */ = {isa = PBXFileReference; includeInIndex = 1; lastKnownFileType = sourcecode.swift; name = DemoViewController.swift; path = TideRefreshDemo/DemoViewController.swift; sourceTree = "<group>"; };
		89DE2883C3FAC4E6A9484111 /* SceneDelegate.swift */ = {isa = PBXFileReference; includeInIndex = 1; lastKnownFileType = sourcecode.swift; name = SceneDelegate.swift; path = TideRefreshDemo/SceneDelegate.swift; sourceTree = "<group>"; };
		9012C9AB4CD189FDCD521A65 /* RefreshControllerTests.swift */ = {isa = PBXFileReference; includeInIndex = 1; lastKnownFileType = sourcecode.swift; name = RefreshControllerTests.swift; path = ../Tests/TideRefreshTests/RefreshControllerTests.swift; sourceTree = "<group>"; };
		C4172194BDEA6B822CD869C5 /* DemoListViewController.swift */ = {isa = PBXFileReference; includeInIndex = 1; lastKnownFileType = sourcecode.swift; name = DemoListViewController.swift; path = TideRefreshDemo/DemoListViewController.swift; sourceTree = "<group>"; };
		CDA11C98B305288B44F32678 /* TideRefreshDemo.app */ = {isa = PBXFileReference; explicitFileType = wrapper.application; includeInIndex = 0; path = TideRefreshDemo.app; sourceTree = BUILT_PRODUCTS_DIR; };
		E83FE54FE52B575754CF4F91 /* AppDelegate.swift */ = {isa = PBXFileReference; includeInIndex = 1; lastKnownFileType = sourcecode.swift; name = AppDelegate.swift; path = TideRefreshDemo/AppDelegate.swift; sourceTree = "<group>"; };
/* End PBXFileReference section */

/* Begin PBXFrameworksBuildPhase section */
		476BBB47C2A1F9352CA55FCF /* Frameworks */ = {
			isa = PBXFrameworksBuildPhase;
			buildActionMask = 2147483647;
			files = (
				13D2F2D3664F415BE272903A /* Foundation.framework in Frameworks */,
				724E4361683BFF909BAAFC63 /* TideRefresh in Frameworks */,
			);
			runOnlyForDeploymentPostprocessing = 0;
		};
		575B8BB0F6582C3549755519 /* Frameworks */ = {
			isa = PBXFrameworksBuildPhase;
			buildActionMask = 2147483647;
			files = (
				76EF4B53A6CE288850DFC55C /* Foundation.framework in Frameworks */,
			);
			runOnlyForDeploymentPostprocessing = 0;
		};
		A8E0A720E6B5F59E3DE26599 /* Frameworks */ = {
			isa = PBXFrameworksBuildPhase;
			buildActionMask = 2147483647;
			files = (
				DEECE47277546BDFEB6A121F /* Foundation.framework in Frameworks */,
				3C0B4A208FA9081DDBC97F84 /* TideRefresh in Frameworks */,
			);
			runOnlyForDeploymentPostprocessing = 0;
		};
/* End PBXFrameworksBuildPhase section */

/* Begin PBXGroup section */
		060DD8296C76E4BCF15D30CF /* Products */ = {
			isa = PBXGroup;
			children = (
				CDA11C98B305288B44F32678 /* TideRefreshDemo.app */,
				544BAE2B5CFBDD1DCED98388 /* TideRefreshTests.xctest */,
				4DD1EAE565B41D37A821BB50 /* TideRefreshDemoUITests.xctest */,
			);
			name = Products;
			sourceTree = "<group>";
		};
		499EBC2A0632C1A0587D60D5 = {
			isa = PBXGroup;
			children = (
				060DD8296C76E4BCF15D30CF /* Products */,
				A1659E00A3D24A7CEBB45D7A /* Frameworks */,
				E83FE54FE52B575754CF4F91 /* AppDelegate.swift */,
				51C61C2D5BD7E4ED42EFDB8F /* DemoDetailViewController.swift */,
				C4172194BDEA6B822CD869C5 /* DemoListViewController.swift */,
				08F325C5B60A6D38519736A1 /* DemoModels.swift */,
				84C096CD60CC70CF0A3E3D64 /* DemoViewController.swift */,
				89DE2883C3FAC4E6A9484111 /* SceneDelegate.swift */,
				444FA4877DA5812BBAB88005 /* ConfigurationTests.swift */,
				293D1A1EFA7EBCAA7F93EAA6 /* PaginationCoordinatorTests.swift */,
				9012C9AB4CD189FDCD521A65 /* RefreshControllerTests.swift */,
				80F033CBB2464ADFA6D8A4E4 /* DemoUITests.swift */,
			);
			sourceTree = "<group>";
		};
		A1659E00A3D24A7CEBB45D7A /* Frameworks */ = {
			isa = PBXGroup;
			children = (
				DC64EE6BA36C5DE64F09F51B /* iOS */,
			);
			name = Frameworks;
			sourceTree = "<group>";
		};
		DC64EE6BA36C5DE64F09F51B /* iOS */ = {
			isa = PBXGroup;
			children = (
				0EBA460CF0BE1189A006E2F1 /* Foundation.framework */,
			);
			name = iOS;
			sourceTree = "<group>";
		};
/* End PBXGroup section */

/* Begin PBXNativeTarget section */
		13288834846368499DB79FB4 /* TideRefreshDemo */ = {
			isa = PBXNativeTarget;
			buildConfigurationList = C79C3AFCD3BCC6438111B29B /* Build configuration list for PBXNativeTarget "TideRefreshDemo" */;
			buildPhases = (
				644B4CEC51A1345E255243A6 /* Sources */,
				476BBB47C2A1F9352CA55FCF /* Frameworks */,
				1A2EB718FB5A6821FC66F1F9 /* Resources */,
			);
			buildRules = (
			);
			dependencies = (
			);
			name = TideRefreshDemo;
			packageProductDependencies = (
				83E00983B5B518730643574E /* TideRefresh */,
			);
			productName = TideRefreshDemo;
			productReference = CDA11C98B305288B44F32678 /* TideRefreshDemo.app */;
			productType = "com.apple.product-type.application";
		};
		1929BB6992BCF503F401E0C6 /* TideRefreshDemoUITests */ = {
			isa = PBXNativeTarget;
			buildConfigurationList = 349326A7DD63F2BCCA265A6D /* Build configuration list for PBXNativeTarget "TideRefreshDemoUITests" */;
			buildPhases = (
				C1B27B37D94C3711AD76227B /* Sources */,
				575B8BB0F6582C3549755519 /* Frameworks */,
				B506A164A867F1D594F878B8 /* Resources */,
			);
			buildRules = (
			);
			dependencies = (
				6CE777E3F95CBFE147DC17D3 /* PBXTargetDependency */,
			);
			name = TideRefreshDemoUITests;
			productName = TideRefreshDemoUITests;
			productReference = 4DD1EAE565B41D37A821BB50 /* TideRefreshDemoUITests.xctest */;
			productType = "com.apple.product-type.bundle.ui-testing";
		};
		563FC91DE70D3D708AAC1566 /* TideRefreshTests */ = {
			isa = PBXNativeTarget;
			buildConfigurationList = 4F27D577A7090CE483897803 /* Build configuration list for PBXNativeTarget "TideRefreshTests" */;
			buildPhases = (
				A38D6FB9D1C4185266984185 /* Sources */,
				A8E0A720E6B5F59E3DE26599 /* Frameworks */,
				CB0603859F6D6D9E0F0ACBE8 /* Resources */,
			);
			buildRules = (
			);
			dependencies = (
				A1AFE013D01ABDF53001F012 /* PBXTargetDependency */,
			);
			name = TideRefreshTests;
			packageProductDependencies = (
				079AC40CA99870AD55838C92 /* TideRefresh */,
			);
			productName = TideRefreshTests;
			productReference = 544BAE2B5CFBDD1DCED98388 /* TideRefreshTests.xctest */;
			productType = "com.apple.product-type.bundle.unit-test";
		};
/* End PBXNativeTarget section */

/* Begin PBXProject section */
		5EC131A876DB592F0FCB82C9 /* Project object */ = {
			isa = PBXProject;
			attributes = {
				LastSwiftUpdateCheck = 1600;
				LastUpgradeCheck = 1600;
			};
			buildConfigurationList = 73F367CA162CFABDCFBA05F1 /* Build configuration list for PBXProject "TideRefreshDemo" */;
			compatibilityVersion = "Xcode 3.2";
			developmentRegion = en;
			hasScannedForEncodings = 0;
			knownRegions = (
				en,
				Base,
			);
			mainGroup = 499EBC2A0632C1A0587D60D5;
			minimizedProjectReferenceProxies = 0;
			packageReferences = (
				008F670E1123E285D74BC108 /* XCLocalSwiftPackageReference ".." */,
			);
			preferredProjectObjectVersion = 100;
			productRefGroup = 060DD8296C76E4BCF15D30CF /* Products */;
			projectDirPath = "";
			projectRoot = "";
			targets = (
				13288834846368499DB79FB4 /* TideRefreshDemo */,
				563FC91DE70D3D708AAC1566 /* TideRefreshTests */,
				1929BB6992BCF503F401E0C6 /* TideRefreshDemoUITests */,
			);
		};
/* End PBXProject section */

/* Begin PBXResourcesBuildPhase section */
		1A2EB718FB5A6821FC66F1F9 /* Resources */ = {
			isa = PBXResourcesBuildPhase;
			buildActionMask = 2147483647;
			files = (
			);
			runOnlyForDeploymentPostprocessing = 0;
		};
		B506A164A867F1D594F878B8 /* Resources */ = {
			isa = PBXResourcesBuildPhase;
			buildActionMask = 2147483647;
			files = (
			);
			runOnlyForDeploymentPostprocessing = 0;
		};
		CB0603859F6D6D9E0F0ACBE8 /* Resources */ = {
			isa = PBXResourcesBuildPhase;
			buildActionMask = 2147483647;
			files = (
			);
			runOnlyForDeploymentPostprocessing = 0;
		};
/* End PBXResourcesBuildPhase section */

/* Begin PBXSourcesBuildPhase section */
		644B4CEC51A1345E255243A6 /* Sources */ = {
			isa = PBXSourcesBuildPhase;
			buildActionMask = 2147483647;
			files = (
				C38567B75BE4B8CBAFE6AA93 /* AppDelegate.swift in Sources */,
				34E30BA81E5ED755165C24DE /* DemoDetailViewController.swift in Sources */,
				8D3F6F27A450C23E777398E8 /* DemoListViewController.swift in Sources */,
				3CA674D005099368A875C288 /* DemoModels.swift in Sources */,
				D75177180CF3F024E5030B53 /* DemoViewController.swift in Sources */,
				C72B44B6AFA66DEE909E7CCD /* SceneDelegate.swift in Sources */,
			);
			runOnlyForDeploymentPostprocessing = 0;
		};
		A38D6FB9D1C4185266984185 /* Sources */ = {
			isa = PBXSourcesBuildPhase;
			buildActionMask = 2147483647;
			files = (
				ECA885ED9998EBB36B77E5AB /* ConfigurationTests.swift in Sources */,
				15F99C50EB8FE7E424DA04DE /* PaginationCoordinatorTests.swift in Sources */,
				50D0A3C858FBC5372DA5BCB6 /* RefreshControllerTests.swift in Sources */,
			);
			runOnlyForDeploymentPostprocessing = 0;
		};
		C1B27B37D94C3711AD76227B /* Sources */ = {
			isa = PBXSourcesBuildPhase;
			buildActionMask = 2147483647;
			files = (
				E22C4CC27DA6A0264F95A675 /* DemoUITests.swift in Sources */,
			);
			runOnlyForDeploymentPostprocessing = 0;
		};
/* End PBXSourcesBuildPhase section */

/* Begin PBXTargetDependency section */
		6CE777E3F95CBFE147DC17D3 /* PBXTargetDependency */ = {
			isa = PBXTargetDependency;
			name = TideRefreshDemo;
			target = 13288834846368499DB79FB4 /* TideRefreshDemo */;
			targetProxy = 511B44C803DD518E46A95CC8 /* PBXContainerItemProxy */;
		};
		A1AFE013D01ABDF53001F012 /* PBXTargetDependency */ = {
			isa = PBXTargetDependency;
			name = TideRefreshDemo;
			target = 13288834846368499DB79FB4 /* TideRefreshDemo */;
			targetProxy = 8FE45604B4E39F8F5C149024 /* PBXContainerItemProxy */;
		};
/* End PBXTargetDependency section */

/* Begin XCBuildConfiguration section */
		0249DC11497436F12907317F /* Release */ = {
			isa = XCBuildConfiguration;
			buildSettings = {
				BUNDLE_LOADER = "$(TEST_HOST)";
				CLANG_ENABLE_OBJC_WEAK = NO;
				CODE_SIGNING_ALLOWED = NO;
				GENERATE_INFOPLIST_FILE = YES;
				IPHONEOS_DEPLOYMENT_TARGET = 16.0;
				PRODUCT_BUNDLE_IDENTIFIER = com.kahnli.TideRefreshTests;
				SDKROOT = iphoneos;
				SUPPORTS_MACCATALYST = NO;
				SWIFT_VERSION = 6.0;
				TARGETED_DEVICE_FAMILY = "1,2";
				TEST_HOST = "$(BUILT_PRODUCTS_DIR)/TideRefreshDemo.app/TideRefreshDemo";
				VALIDATE_PRODUCT = YES;
			};
			name = Release;
		};
		37EED0C8C7E581F478FFA5C4 /* Release */ = {
			isa = XCBuildConfiguration;
			buildSettings = {
				ALWAYS_SEARCH_USER_PATHS = NO;
				CLANG_ANALYZER_NONNULL = YES;
				CLANG_ANALYZER_NUMBER_OBJECT_CONVERSION = YES_AGGRESSIVE;
				CLANG_CXX_LANGUAGE_STANDARD = "gnu++14";
				CLANG_CXX_LIBRARY = "libc++";
				CLANG_ENABLE_MODULES = YES;
				CLANG_ENABLE_OBJC_ARC = YES;
				CLANG_ENABLE_OBJC_WEAK = YES;
				CLANG_WARN_BLOCK_CAPTURE_AUTORELEASING = YES;
				CLANG_WARN_BOOL_CONVERSION = YES;
				CLANG_WARN_COMMA = YES;
				CLANG_WARN_CONSTANT_CONVERSION = YES;
				CLANG_WARN_DEPRECATED_OBJC_IMPLEMENTATIONS = YES;
				CLANG_WARN_DIRECT_OBJC_ISA_USAGE = YES_ERROR;
				CLANG_WARN_DOCUMENTATION_COMMENTS = YES;
				CLANG_WARN_EMPTY_BODY = YES;
				CLANG_WARN_ENUM_CONVERSION = YES;
				CLANG_WARN_INFINITE_RECURSION = YES;
				CLANG_WARN_INT_CONVERSION = YES;
				CLANG_WARN_NON_LITERAL_NULL_CONVERSION = YES;
				CLANG_WARN_OBJC_IMPLICIT_RETAIN_SELF = YES;
				CLANG_WARN_OBJC_LITERAL_CONVERSION = YES;
				CLANG_WARN_OBJC_ROOT_CLASS = YES_ERROR;
				CLANG_WARN_QUOTED_INCLUDE_IN_FRAMEWORK_HEADER = YES;
				CLANG_WARN_RANGE_LOOP_ANALYSIS = YES;
				CLANG_WARN_STRICT_PROTOTYPES = YES;
				CLANG_WARN_SUSPICIOUS_MOVE = YES;
				CLANG_WARN_UNGUARDED_AVAILABILITY = YES_AGGRESSIVE;
				CLANG_WARN_UNREACHABLE_CODE = YES;
				CLANG_WARN__DUPLICATE_METHOD_MATCH = YES;
				COPY_PHASE_STRIP = NO;
				DEBUG_INFORMATION_FORMAT = "dwarf-with-dsym";
				ENABLE_NS_ASSERTIONS = NO;
				ENABLE_STRICT_OBJC_MSGSEND = YES;
				GCC_C_LANGUAGE_STANDARD = gnu11;
				GCC_NO_COMMON_BLOCKS = YES;
				GCC_WARN_64_TO_32_BIT_CONVERSION = YES;
				GCC_WARN_ABOUT_RETURN_TYPE = YES_ERROR;
				GCC_WARN_UNDECLARED_SELECTOR = YES;
				GCC_WARN_UNINITIALIZED_AUTOS = YES_AGGRESSIVE;
				GCC_WARN_UNUSED_FUNCTION = YES;
				GCC_WARN_UNUSED_VARIABLE = YES;
				MTL_ENABLE_DEBUG_INFO = NO;
				MTL_FAST_MATH = YES;
				PRODUCT_NAME = "$(TARGET_NAME)";
				SWIFT_COMPILATION_MODE = wholemodule;
				SWIFT_OPTIMIZATION_LEVEL = "-O";
				SWIFT_VERSION = 5.0;
			};
			name = Release;
		};
		5A3F40CB0ECC7BAEC53CEDE2 /* Debug */ = {
			isa = XCBuildConfiguration;
			buildSettings = {
				CLANG_ENABLE_OBJC_WEAK = NO;
				CODE_SIGNING_ALLOWED = NO;
				GENERATE_INFOPLIST_FILE = YES;
				IPHONEOS_DEPLOYMENT_TARGET = 16.0;
				PRODUCT_BUNDLE_IDENTIFIER = com.kahnli.TideRefreshDemoUITests;
				SDKROOT = iphoneos;
				SUPPORTS_MACCATALYST = NO;
				SWIFT_VERSION = 6.0;
				TARGETED_DEVICE_FAMILY = "1,2";
				TEST_TARGET_NAME = TideRefreshDemo;
			};
			name = Debug;
		};
		6B221046E0C278CA87E3B138 /* Debug */ = {
			isa = XCBuildConfiguration;
			buildSettings = {
				BUNDLE_LOADER = "$(TEST_HOST)";
				CLANG_ENABLE_OBJC_WEAK = NO;
				CODE_SIGNING_ALLOWED = NO;
				GENERATE_INFOPLIST_FILE = YES;
				IPHONEOS_DEPLOYMENT_TARGET = 16.0;
				PRODUCT_BUNDLE_IDENTIFIER = com.kahnli.TideRefreshTests;
				SDKROOT = iphoneos;
				SUPPORTS_MACCATALYST = NO;
				SWIFT_VERSION = 6.0;
				TARGETED_DEVICE_FAMILY = "1,2";
				TEST_HOST = "$(BUILT_PRODUCTS_DIR)/TideRefreshDemo.app/TideRefreshDemo";
			};
			name = Debug;
		};
		8D42ED4A2CA9F53DB84793BF /* Release */ = {
			isa = XCBuildConfiguration;
			buildSettings = {
				CLANG_ENABLE_OBJC_WEAK = NO;
				CODE_SIGNING_ALLOWED = NO;
				GENERATE_INFOPLIST_FILE = YES;
				IPHONEOS_DEPLOYMENT_TARGET = 16.0;
				PRODUCT_BUNDLE_IDENTIFIER = com.kahnli.TideRefreshDemoUITests;
				SDKROOT = iphoneos;
				SUPPORTS_MACCATALYST = NO;
				SWIFT_VERSION = 6.0;
				TARGETED_DEVICE_FAMILY = "1,2";
				TEST_TARGET_NAME = TideRefreshDemo;
				VALIDATE_PRODUCT = YES;
			};
			name = Release;
		};
		9624AF1FD0AEDC4176C772BA /* Debug */ = {
			isa = XCBuildConfiguration;
			buildSettings = {
				ALWAYS_SEARCH_USER_PATHS = NO;
				CLANG_ANALYZER_NONNULL = YES;
				CLANG_ANALYZER_NUMBER_OBJECT_CONVERSION = YES_AGGRESSIVE;
				CLANG_CXX_LANGUAGE_STANDARD = "gnu++14";
				CLANG_CXX_LIBRARY = "libc++";
				CLANG_ENABLE_MODULES = YES;
				CLANG_ENABLE_OBJC_ARC = YES;
				CLANG_ENABLE_OBJC_WEAK = YES;
				CLANG_WARN_BLOCK_CAPTURE_AUTORELEASING = YES;
				CLANG_WARN_BOOL_CONVERSION = YES;
				CLANG_WARN_COMMA = YES;
				CLANG_WARN_CONSTANT_CONVERSION = YES;
				CLANG_WARN_DEPRECATED_OBJC_IMPLEMENTATIONS = YES;
				CLANG_WARN_DIRECT_OBJC_ISA_USAGE = YES_ERROR;
				CLANG_WARN_DOCUMENTATION_COMMENTS = YES;
				CLANG_WARN_EMPTY_BODY = YES;
				CLANG_WARN_ENUM_CONVERSION = YES;
				CLANG_WARN_INFINITE_RECURSION = YES;
				CLANG_WARN_INT_CONVERSION = YES;
				CLANG_WARN_NON_LITERAL_NULL_CONVERSION = YES;
				CLANG_WARN_OBJC_IMPLICIT_RETAIN_SELF = YES;
				CLANG_WARN_OBJC_LITERAL_CONVERSION = YES;
				CLANG_WARN_OBJC_ROOT_CLASS = YES_ERROR;
				CLANG_WARN_QUOTED_INCLUDE_IN_FRAMEWORK_HEADER = YES;
				CLANG_WARN_RANGE_LOOP_ANALYSIS = YES;
				CLANG_WARN_STRICT_PROTOTYPES = YES;
				CLANG_WARN_SUSPICIOUS_MOVE = YES;
				CLANG_WARN_UNGUARDED_AVAILABILITY = YES_AGGRESSIVE;
				CLANG_WARN_UNREACHABLE_CODE = YES;
				CLANG_WARN__DUPLICATE_METHOD_MATCH = YES;
				COPY_PHASE_STRIP = NO;
				DEBUG_INFORMATION_FORMAT = dwarf;
				ENABLE_STRICT_OBJC_MSGSEND = YES;
				ENABLE_TESTABILITY = YES;
				GCC_C_LANGUAGE_STANDARD = gnu11;
				GCC_DYNAMIC_NO_PIC = NO;
				GCC_NO_COMMON_BLOCKS = YES;
				GCC_OPTIMIZATION_LEVEL = 0;
				GCC_PREPROCESSOR_DEFINITIONS = (
					"DEBUG=1",
					"$(inherited)",
				);
				GCC_WARN_64_TO_32_BIT_CONVERSION = YES;
				GCC_WARN_ABOUT_RETURN_TYPE = YES_ERROR;
				GCC_WARN_UNDECLARED_SELECTOR = YES;
				GCC_WARN_UNINITIALIZED_AUTOS = YES_AGGRESSIVE;
				GCC_WARN_UNUSED_FUNCTION = YES;
				GCC_WARN_UNUSED_VARIABLE = YES;
				MTL_ENABLE_DEBUG_INFO = INCLUDE_SOURCE;
				MTL_FAST_MATH = YES;
				ONLY_ACTIVE_ARCH = YES;
				PRODUCT_NAME = "$(TARGET_NAME)";
				SWIFT_ACTIVE_COMPILATION_CONDITIONS = DEBUG;
				SWIFT_OPTIMIZATION_LEVEL = "-Onone";
				SWIFT_VERSION = 5.0;
			};
			name = Debug;
		};
		B072CAA61B71EEE73F107B48 /* Release */ = {
			isa = XCBuildConfiguration;
			buildSettings = {
				ASSETCATALOG_COMPILER_APPICON_NAME = AppIcon;
				ASSETCATALOG_COMPILER_GLOBAL_ACCENT_COLOR_NAME = AccentColor;
				CLANG_ENABLE_OBJC_WEAK = NO;
				CODE_SIGNING_ALLOWED = NO;
				GENERATE_INFOPLIST_FILE = YES;
				INFOPLIST_KEY_UIApplicationSceneManifest_Generation = YES;
				INFOPLIST_KEY_UILaunchScreen_Generation = YES;
				INFOPLIST_KEY_UISupportedInterfaceOrientations = "UIInterfaceOrientationPortrait UIInterfaceOrientationLandscapeLeft UIInterfaceOrientationLandscapeRight UIInterfaceOrientationPortraitUpsideDown";
				IPHONEOS_DEPLOYMENT_TARGET = 16.0;
				LD_RUNPATH_SEARCH_PATHS = "$(inherited) @executable_path/Frameworks";
				PRODUCT_BUNDLE_IDENTIFIER = com.kahnli.TideRefreshDemo;
				SDKROOT = iphoneos;
				SUPPORTS_MACCATALYST = NO;
				SWIFT_VERSION = 6.0;
				TARGETED_DEVICE_FAMILY = "1,2";
				VALIDATE_PRODUCT = YES;
			};
			name = Release;
		};
		B0A7A273B267740334054198 /* Debug */ = {
			isa = XCBuildConfiguration;
			buildSettings = {
				ASSETCATALOG_COMPILER_APPICON_NAME = AppIcon;
				ASSETCATALOG_COMPILER_GLOBAL_ACCENT_COLOR_NAME = AccentColor;
				CLANG_ENABLE_OBJC_WEAK = NO;
				CODE_SIGNING_ALLOWED = NO;
				GENERATE_INFOPLIST_FILE = YES;
				INFOPLIST_KEY_UIApplicationSceneManifest_Generation = YES;
				INFOPLIST_KEY_UILaunchScreen_Generation = YES;
				INFOPLIST_KEY_UISupportedInterfaceOrientations = "UIInterfaceOrientationPortrait UIInterfaceOrientationLandscapeLeft UIInterfaceOrientationLandscapeRight UIInterfaceOrientationPortraitUpsideDown";
				IPHONEOS_DEPLOYMENT_TARGET = 16.0;
				LD_RUNPATH_SEARCH_PATHS = "$(inherited) @executable_path/Frameworks";
				PRODUCT_BUNDLE_IDENTIFIER = com.kahnli.TideRefreshDemo;
				SDKROOT = iphoneos;
				SUPPORTS_MACCATALYST = NO;
				SWIFT_VERSION = 6.0;
				TARGETED_DEVICE_FAMILY = "1,2";
			};
			name = Debug;
		};
/* End XCBuildConfiguration section */

/* Begin XCConfigurationList section */
		349326A7DD63F2BCCA265A6D /* Build configuration list for PBXNativeTarget "TideRefreshDemoUITests" */ = {
			isa = XCConfigurationList;
			buildConfigurations = (
				8D42ED4A2CA9F53DB84793BF /* Release */,
				5A3F40CB0ECC7BAEC53CEDE2 /* Debug */,
			);
			defaultConfigurationIsVisible = 0;
			defaultConfigurationName = Release;
		};
		4F27D577A7090CE483897803 /* Build configuration list for PBXNativeTarget "TideRefreshTests" */ = {
			isa = XCConfigurationList;
			buildConfigurations = (
				0249DC11497436F12907317F /* Release */,
				6B221046E0C278CA87E3B138 /* Debug */,
			);
			defaultConfigurationIsVisible = 0;
			defaultConfigurationName = Release;
		};
		73F367CA162CFABDCFBA05F1 /* Build configuration list for PBXProject "TideRefreshDemo" */ = {
			isa = XCConfigurationList;
			buildConfigurations = (
				9624AF1FD0AEDC4176C772BA /* Debug */,
				37EED0C8C7E581F478FFA5C4 /* Release */,
			);
			defaultConfigurationIsVisible = 0;
			defaultConfigurationName = Release;
		};
		C79C3AFCD3BCC6438111B29B /* Build configuration list for PBXNativeTarget "TideRefreshDemo" */ = {
			isa = XCConfigurationList;
			buildConfigurations = (
				B072CAA61B71EEE73F107B48 /* Release */,
				B0A7A273B267740334054198 /* Debug */,
			);
			defaultConfigurationIsVisible = 0;
			defaultConfigurationName = Release;
		};
/* End XCConfigurationList section */

/* Begin XCLocalSwiftPackageReference section */
		008F670E1123E285D74BC108 /* XCLocalSwiftPackageReference ".." */ = {
			isa = XCLocalSwiftPackageReference;
			relativePath = ..;
		};
/* End XCLocalSwiftPackageReference section */

/* Begin XCSwiftPackageProductDependency section */
		079AC40CA99870AD55838C92 /* TideRefresh */ = {
			isa = XCSwiftPackageProductDependency;
			package = 008F670E1123E285D74BC108 /* XCLocalSwiftPackageReference ".." */;
			productName = TideRefresh;
		};
		83E00983B5B518730643574E /* TideRefresh */ = {
			isa = XCSwiftPackageProductDependency;
			package = 008F670E1123E285D74BC108 /* XCLocalSwiftPackageReference ".." */;
			productName = TideRefresh;
		};
/* End XCSwiftPackageProductDependency section */
	};
	rootObject = 5EC131A876DB592F0FCB82C9 /* Project object */;
}
