// !$*UTF8*$!
{
	archiveVersion = 1;
	classes = {
	};
	objectVersion = 46;
	objects = {

/* Begin PBXBuildFile section */
		00572D7F4ECA55530EE39F45 /* PaginationCoordinatorTests.swift in Sources */ = {isa = PBXBuildFile; fileRef = ADDEA6718469C42D92602B23 /* PaginationCoordinatorTests.swift */; };
		18F549B3AC8FE9623B13C0B1 /* Foundation.framework in Frameworks */ = {isa = PBXBuildFile; fileRef = AB450FC10B991981FA0559C5 /* Foundation.framework */; };
		943B5AFA6D526158BEFAF757 /* TideRefresh in Frameworks */ = {isa = PBXBuildFile; productRef = FE0D0DB8682F44360FCDD712 /* TideRefresh */; };
		96355C47BBA7CF4FBB35473B /* AppDelegate.swift in Sources */ = {isa = PBXBuildFile; fileRef = D1423D35137F3826B6177EB7 /* AppDelegate.swift */; };
		A3D88CD9A92F23A579A74A6D /* TideRefresh in Frameworks */ = {isa = PBXBuildFile; productRef = D8B20A31FDFC2C33E8D4EEEC /* TideRefresh */; };
		A6CB5C5EC5E5908136DB377C /* Foundation.framework in Frameworks */ = {isa = PBXBuildFile; fileRef = AB450FC10B991981FA0559C5 /* Foundation.framework */; };
		CF0C0723741EE2144DEB797D /* ConfigurationTests.swift in Sources */ = {isa = PBXBuildFile; fileRef = 93DE8F75B0A3C4B639653296 /* ConfigurationTests.swift */; };
/* End PBXBuildFile section */

/* Begin PBXContainerItemProxy section */
		FAAD48F246937F07E42D48ED /* PBXContainerItemProxy */ = {
			isa = PBXContainerItemProxy;
			containerPortal = 999B55E993138C11E336EACB /* Project object */;
			proxyType = 1;
			remoteGlobalIDString = 3F937187F47C0D346BF47405;
			remoteInfo = TideRefreshDemo;
		};
/* End PBXContainerItemProxy section */

/* Begin PBXFileReference section */
		0CBF41D36D3D47535212C05D /* TideRefreshDemo.app */ = {isa = PBXFileReference; explicitFileType = wrapper.application; includeInIndex = 0; path = TideRefreshDemo.app; sourceTree = BUILT_PRODUCTS_DIR; };
		51DD8D2DFB43798473011464 /* TideRefreshTests.xctest */ = {isa = PBXFileReference; explicitFileType = wrapper.cfbundle; includeInIndex = 0; path = TideRefreshTests.xctest; sourceTree = BUILT_PRODUCTS_DIR; };
		93DE8F75B0A3C4B639653296 /* ConfigurationTests.swift */ = {isa = PBXFileReference; includeInIndex = 1; lastKnownFileType = sourcecode.swift; name = ConfigurationTests.swift; path = ../Tests/TideRefreshTests/ConfigurationTests.swift; sourceTree = "<group>"; };
		AB450FC10B991981FA0559C5 /* Foundation.framework */ = {isa = PBXFileReference; lastKnownFileType = wrapper.framework; name = Foundation.framework; path = Platforms/iPhoneOS.platform/Developer/SDKs/iPhoneOS26.0.sdk/System/Library/Frameworks/Foundation.framework; sourceTree = DEVELOPER_DIR; };
		ADDEA6718469C42D92602B23 /* PaginationCoordinatorTests.swift */ = {isa = PBXFileReference; includeInIndex = 1; lastKnownFileType = sourcecode.swift; name = PaginationCoordinatorTests.swift; path = ../Tests/TideRefreshTests/PaginationCoordinatorTests.swift; sourceTree = "<group>"; };
		D1423D35137F3826B6177EB7 /* AppDelegate.swift */ = {isa = PBXFileReference; includeInIndex = 1; lastKnownFileType = sourcecode.swift; name = AppDelegate.swift; path = TideRefreshDemo/AppDelegate.swift; sourceTree = "<group>"; };
/* End PBXFileReference section */

/* Begin PBXFrameworksBuildPhase section */
		2D472A39A5689C46324A1FF9 /* Frameworks */ = {
			isa = PBXFrameworksBuildPhase;
			buildActionMask = 2147483647;
			files = (
				18F549B3AC8FE9623B13C0B1 /* Foundation.framework in Frameworks */,
				943B5AFA6D526158BEFAF757 /* TideRefresh in Frameworks */,
			);
			runOnlyForDeploymentPostprocessing = 0;
		};
		DD4EF7A9AB128C2D5CCBA3D1 /* Frameworks */ = {
			isa = PBXFrameworksBuildPhase;
			buildActionMask = 2147483647;
			files = (
				A6CB5C5EC5E5908136DB377C /* Foundation.framework in Frameworks */,
				A3D88CD9A92F23A579A74A6D /* TideRefresh in Frameworks */,
			);
			runOnlyForDeploymentPostprocessing = 0;
		};
/* End PBXFrameworksBuildPhase section */

/* Begin PBXGroup section */
		3C20A362863387E3157E48CC /* Products */ = {
			isa = PBXGroup;
			children = (
				0CBF41D36D3D47535212C05D /* TideRefreshDemo.app */,
				51DD8D2DFB43798473011464 /* TideRefreshTests.xctest */,
			);
			name = Products;
			sourceTree = "<group>";
		};
		7A63895EC649BA84EE03220C = {
			isa = PBXGroup;
			children = (
				3C20A362863387E3157E48CC /* Products */,
				9D391A5A81787E84F241751E /* Frameworks */,
				D1423D35137F3826B6177EB7 /* AppDelegate.swift */,
				93DE8F75B0A3C4B639653296 /* ConfigurationTests.swift */,
				ADDEA6718469C42D92602B23 /* PaginationCoordinatorTests.swift */,
			);
			sourceTree = "<group>";
		};
		9D391A5A81787E84F241751E /* Frameworks */ = {
			isa = PBXGroup;
			children = (
				E8FB7589C768C0637740A131 /* iOS */,
			);
			name = Frameworks;
			sourceTree = "<group>";
		};
		E8FB7589C768C0637740A131 /* iOS */ = {
			isa = PBXGroup;
			children = (
				AB450FC10B991981FA0559C5 /* Foundation.framework */,
			);
			name = iOS;
			sourceTree = "<group>";
		};
/* End PBXGroup section */

/* Begin PBXNativeTarget section */
		3F937187F47C0D346BF47405 /* TideRefreshDemo */ = {
			isa = PBXNativeTarget;
			buildConfigurationList = CC50893AD00F749E78C1E8CF /* Build configuration list for PBXNativeTarget "TideRefreshDemo" */;
			buildPhases = (
				0504D450B9BFD61D8982A68D /* Sources */,
				DD4EF7A9AB128C2D5CCBA3D1 /* Frameworks */,
				F2A3BF4026BC4B1DFD0CE90E /* Resources */,
			);
			buildRules = (
			);
			dependencies = (
			);
			name = TideRefreshDemo;
			packageProductDependencies = (
				D8B20A31FDFC2C33E8D4EEEC /* TideRefresh */,
			);
			productName = TideRefreshDemo;
			productReference = 0CBF41D36D3D47535212C05D /* TideRefreshDemo.app */;
			productType = "com.apple.product-type.application";
		};
		4A55571EAB959CFA2B18074A /* TideRefreshTests */ = {
			isa = PBXNativeTarget;
			buildConfigurationList = EB174BA1C3DF4824826165BA /* Build configuration list for PBXNativeTarget "TideRefreshTests" */;
			buildPhases = (
				F4C5E6759130DAD4B2764AF3 /* Sources */,
				2D472A39A5689C46324A1FF9 /* Frameworks */,
				30ABB1D88AA3F75F497EC99F /* Resources */,
			);
			buildRules = (
			);
			dependencies = (
				9F262AF8785F01889C4C00AA /* PBXTargetDependency */,
			);
			name = TideRefreshTests;
			packageProductDependencies = (
				FE0D0DB8682F44360FCDD712 /* TideRefresh */,
			);
			productName = TideRefreshTests;
			productReference = 51DD8D2DFB43798473011464 /* TideRefreshTests.xctest */;
			productType = "com.apple.product-type.bundle.unit-test";
		};
/* End PBXNativeTarget section */

/* Begin PBXProject section */
		999B55E993138C11E336EACB /* Project object */ = {
			isa = PBXProject;
			attributes = {
				LastSwiftUpdateCheck = 1600;
				LastUpgradeCheck = 1600;
			};
			buildConfigurationList = 0B8BED655348BE380C8E7B65 /* Build configuration list for PBXProject "TideRefreshDemo" */;
			compatibilityVersion = "Xcode 3.2";
			developmentRegion = en;
			hasScannedForEncodings = 0;
			knownRegions = (
				en,
				Base,
			);
			mainGroup = 7A63895EC649BA84EE03220C;
			minimizedProjectReferenceProxies = 0;
			packageReferences = (
				01A6F11D10B45E7C713D70A7 /* XCLocalSwiftPackageReference ".." */,
			);
			preferredProjectObjectVersion = 100;
			productRefGroup = 3C20A362863387E3157E48CC /* Products */;
			projectDirPath = "";
			projectRoot = "";
			targets = (
				3F937187F47C0D346BF47405 /* TideRefreshDemo */,
				4A55571EAB959CFA2B18074A /* TideRefreshTests */,
			);
		};
/* End PBXProject section */

/* Begin PBXResourcesBuildPhase section */
		30ABB1D88AA3F75F497EC99F /* Resources */ = {
			isa = PBXResourcesBuildPhase;
			buildActionMask = 2147483647;
			files = (
			);
			runOnlyForDeploymentPostprocessing = 0;
		};
		F2A3BF4026BC4B1DFD0CE90E /* Resources */ = {
			isa = PBXResourcesBuildPhase;
			buildActionMask = 2147483647;
			files = (
			);
			runOnlyForDeploymentPostprocessing = 0;
		};
/* End PBXResourcesBuildPhase section */

/* Begin PBXSourcesBuildPhase section */
		0504D450B9BFD61D8982A68D /* Sources */ = {
			isa = PBXSourcesBuildPhase;
			buildActionMask = 2147483647;
			files = (
				96355C47BBA7CF4FBB35473B /* AppDelegate.swift in Sources */,
			);
			runOnlyForDeploymentPostprocessing = 0;
		};
		F4C5E6759130DAD4B2764AF3 /* Sources */ = {
			isa = PBXSourcesBuildPhase;
			buildActionMask = 2147483647;
			files = (
				CF0C0723741EE2144DEB797D /* ConfigurationTests.swift in Sources */,
				00572D7F4ECA55530EE39F45 /* PaginationCoordinatorTests.swift in Sources */,
			);
			runOnlyForDeploymentPostprocessing = 0;
		};
/* End PBXSourcesBuildPhase section */

/* Begin PBXTargetDependency section */
		9F262AF8785F01889C4C00AA /* PBXTargetDependency */ = {
			isa = PBXTargetDependency;
			name = TideRefreshDemo;
			target = 3F937187F47C0D346BF47405 /* TideRefreshDemo */;
			targetProxy = FAAD48F246937F07E42D48ED /* PBXContainerItemProxy */;
		};
/* End PBXTargetDependency section */

/* Begin XCBuildConfiguration section */
		01900A994A0C98089B2810B5 /* Debug */ = {
			isa = XCBuildConfiguration;
			buildSettings = {
				ALWAYS_SEARCH_USER_PATHS = NO;
				CLANG_ANALYZER_NONNULL = YES;
				CLANG_ANALYZER_NUMBER_OBJECT_CONVERSION = YES_AGGRESSIVE;
				CLANG_CXX_LANGUAGE_STANDARD = "gnu++14";
				CLANG_CXX_LIBRARY = "libc++";
				CLANG_ENABLE_MODULES = YES;
				CLANG_ENABLE_OBJC_ARC = YES;
				CLANG_ENABLE_OBJC_WEAK = YES;
				CLANG_WARN_BLOCK_CAPTURE_AUTORELEASING = YES;
				CLANG_WARN_BOOL_CONVERSION = YES;
				CLANG_WARN_COMMA = YES;
				CLANG_WARN_CONSTANT_CONVERSION = YES;
				CLANG_WARN_DEPRECATED_OBJC_IMPLEMENTATIONS = YES;
				CLANG_WARN_DIRECT_OBJC_ISA_USAGE = YES_ERROR;
				CLANG_WARN_DOCUMENTATION_COMMENTS = YES;
				CLANG_WARN_EMPTY_BODY = YES;
				CLANG_WARN_ENUM_CONVERSION = YES;
				CLANG_WARN_INFINITE_RECURSION = YES;
				CLANG_WARN_INT_CONVERSION = YES;
				CLANG_WARN_NON_LITERAL_NULL_CONVERSION = YES;
				CLANG_WARN_OBJC_IMPLICIT_RETAIN_SELF = YES;
				CLANG_WARN_OBJC_LITERAL_CONVERSION = YES;
				CLANG_WARN_OBJC_ROOT_CLASS = YES_ERROR;
				CLANG_WARN_QUOTED_INCLUDE_IN_FRAMEWORK_HEADER = YES;
				CLANG_WARN_RANGE_LOOP_ANALYSIS = YES;
				CLANG_WARN_STRICT_PROTOTYPES = YES;
				CLANG_WARN_SUSPICIOUS_MOVE = YES;
				CLANG_WARN_UNGUARDED_AVAILABILITY = YES_AGGRESSIVE;
				CLANG_WARN_UNREACHABLE_CODE = YES;
				CLANG_WARN__DUPLICATE_METHOD_MATCH = YES;
				COPY_PHASE_STRIP = NO;
				DEBUG_INFORMATION_FORMAT = dwarf;
				ENABLE_STRICT_OBJC_MSGSEND = YES;
				ENABLE_TESTABILITY = YES;
				GCC_C_LANGUAGE_STANDARD = gnu11;
				GCC_DYNAMIC_NO_PIC = NO;
				GCC_NO_COMMON_BLOCKS = YES;
				GCC_OPTIMIZATION_LEVEL = 0;
				GCC_PREPROCESSOR_DEFINITIONS = (
					"DEBUG=1",
					"$(inherited)",
				);
				GCC_WARN_64_TO_32_BIT_CONVERSION = YES;
				GCC_WARN_ABOUT_RETURN_TYPE = YES_ERROR;
				GCC_WARN_UNDECLARED_SELECTOR = YES;
				GCC_WARN_UNINITIALIZED_AUTOS = YES_AGGRESSIVE;
				GCC_WARN_UNUSED_FUNCTION = YES;
				GCC_WARN_UNUSED_VARIABLE = YES;
				MTL_ENABLE_DEBUG_INFO = INCLUDE_SOURCE;
				MTL_FAST_MATH = YES;
				ONLY_ACTIVE_ARCH = YES;
				PRODUCT_NAME = "$(TARGET_NAME)";
				SWIFT_ACTIVE_COMPILATION_CONDITIONS = DEBUG;
				SWIFT_OPTIMIZATION_LEVEL = "-Onone";
				SWIFT_VERSION = 5.0;
			};
			name = Debug;
		};
		702AE72ACEB6FBE44937EED4 /* Debug */ = {
			isa = XCBuildConfiguration;
			buildSettings = {
				BUNDLE_LOADER = "$(TEST_HOST)";
				CLANG_ENABLE_OBJC_WEAK = NO;
				CODE_SIGNING_ALLOWED = NO;
				GENERATE_INFOPLIST_FILE = YES;
				IPHONEOS_DEPLOYMENT_TARGET = 16.0;
				PRODUCT_BUNDLE_IDENTIFIER = com.kahnli.TideRefreshTests;
				SDKROOT = iphoneos;
				SUPPORTS_MACCATALYST = NO;
				SWIFT_VERSION = 6.0;
				TARGETED_DEVICE_FAMILY = "1,2";
				TEST_HOST = "$(BUILT_PRODUCTS_DIR)/TideRefreshDemo.app/TideRefreshDemo";
			};
			name = Debug;
		};
		9802F3B25C1A39BAA7536105 /* Release */ = {
			isa = XCBuildConfiguration;
			buildSettings = {
				ALWAYS_SEARCH_USER_PATHS = NO;
				CLANG_ANALYZER_NONNULL = YES;
				CLANG_ANALYZER_NUMBER_OBJECT_CONVERSION = YES_AGGRESSIVE;
				CLANG_CXX_LANGUAGE_STANDARD = "gnu++14";
				CLANG_CXX_LIBRARY = "libc++";
				CLANG_ENABLE_MODULES = YES;
				CLANG_ENABLE_OBJC_ARC = YES;
				CLANG_ENABLE_OBJC_WEAK = YES;
				CLANG_WARN_BLOCK_CAPTURE_AUTORELEASING = YES;
				CLANG_WARN_BOOL_CONVERSION = YES;
				CLANG_WARN_COMMA = YES;
				CLANG_WARN_CONSTANT_CONVERSION = YES;
				CLANG_WARN_DEPRECATED_OBJC_IMPLEMENTATIONS = YES;
				CLANG_WARN_DIRECT_OBJC_ISA_USAGE = YES_ERROR;
				CLANG_WARN_DOCUMENTATION_COMMENTS = YES;
				CLANG_WARN_EMPTY_BODY = YES;
				CLANG_WARN_ENUM_CONVERSION = YES;
				CLANG_WARN_INFINITE_RECURSION = YES;
				CLANG_WARN_INT_CONVERSION = YES;
				CLANG_WARN_NON_LITERAL_NULL_CONVERSION = YES;
				CLANG_WARN_OBJC_IMPLICIT_RETAIN_SELF = YES;
				CLANG_WARN_OBJC_LITERAL_CONVERSION = YES;
				CLANG_WARN_OBJC_ROOT_CLASS = YES_ERROR;
				CLANG_WARN_QUOTED_INCLUDE_IN_FRAMEWORK_HEADER = YES;
				CLANG_WARN_RANGE_LOOP_ANALYSIS = YES;
				CLANG_WARN_STRICT_PROTOTYPES = YES;
				CLANG_WARN_SUSPICIOUS_MOVE = YES;
				CLANG_WARN_UNGUARDED_AVAILABILITY = YES_AGGRESSIVE;
				CLANG_WARN_UNREACHABLE_CODE = YES;
				CLANG_WARN__DUPLICATE_METHOD_MATCH = YES;
				COPY_PHASE_STRIP = NO;
				DEBUG_INFORMATION_FORMAT = "dwarf-with-dsym";
				ENABLE_NS_ASSERTIONS = NO;
				ENABLE_STRICT_OBJC_MSGSEND = YES;
				GCC_C_LANGUAGE_STANDARD = gnu11;
				GCC_NO_COMMON_BLOCKS = YES;
				GCC_WARN_64_TO_32_BIT_CONVERSION = YES;
				GCC_WARN_ABOUT_RETURN_TYPE = YES_ERROR;
				GCC_WARN_UNDECLARED_SELECTOR = YES;
				GCC_WARN_UNINITIALIZED_AUTOS = YES_AGGRESSIVE;
				GCC_WARN_UNUSED_FUNCTION = YES;
				GCC_WARN_UNUSED_VARIABLE = YES;
				MTL_ENABLE_DEBUG_INFO = NO;
				MTL_FAST_MATH = YES;
				PRODUCT_NAME = "$(TARGET_NAME)";
				SWIFT_COMPILATION_MODE = wholemodule;
				SWIFT_OPTIMIZATION_LEVEL = "-O";
				SWIFT_VERSION = 5.0;
			};
			name = Release;
		};
		CE1A0A6C0E9F88A1F8AB3F1A /* Release */ = {
			isa = XCBuildConfiguration;
			buildSettings = {
				BUNDLE_LOADER = "$(TEST_HOST)";
				CLANG_ENABLE_OBJC_WEAK = NO;
				CODE_SIGNING_ALLOWED = NO;
				GENERATE_INFOPLIST_FILE = YES;
				IPHONEOS_DEPLOYMENT_TARGET = 16.0;
				PRODUCT_BUNDLE_IDENTIFIER = com.kahnli.TideRefreshTests;
				SDKROOT = iphoneos;
				SUPPORTS_MACCATALYST = NO;
				SWIFT_VERSION = 6.0;
				TARGETED_DEVICE_FAMILY = "1,2";
				TEST_HOST = "$(BUILT_PRODUCTS_DIR)/TideRefreshDemo.app/TideRefreshDemo";
				VALIDATE_PRODUCT = YES;
			};
			name = Release;
		};
		ED5596F43FB87A32E8C00714 /* Release */ = {
			isa = XCBuildConfiguration;
			buildSettings = {
				ASSETCATALOG_COMPILER_APPICON_NAME = AppIcon;
				ASSETCATALOG_COMPILER_GLOBAL_ACCENT_COLOR_NAME = AccentColor;
				CLANG_ENABLE_OBJC_WEAK = NO;
				CODE_SIGNING_ALLOWED = NO;
				GENERATE_INFOPLIST_FILE = YES;
				INFOPLIST_KEY_UILaunchScreen_Generation = YES;
				INFOPLIST_KEY_UISupportedInterfaceOrientations = "UIInterfaceOrientationPortrait UIInterfaceOrientationLandscapeLeft UIInterfaceOrientationLandscapeRight UIInterfaceOrientationPortraitUpsideDown";
				IPHONEOS_DEPLOYMENT_TARGET = 16.0;
				LD_RUNPATH_SEARCH_PATHS = "$(inherited) @executable_path/Frameworks";
				PRODUCT_BUNDLE_IDENTIFIER = com.kahnli.TideRefreshDemo;
				SDKROOT = iphoneos;
				SUPPORTS_MACCATALYST = NO;
				SWIFT_VERSION = 6.0;
				TARGETED_DEVICE_FAMILY = "1,2";
				VALIDATE_PRODUCT = YES;
			};
			name = Release;
		};
		FD5C412AAD59288ADBD9C474 /* Debug */ = {
			isa = XCBuildConfiguration;
			buildSettings = {
				ASSETCATALOG_COMPILER_APPICON_NAME = AppIcon;
				ASSETCATALOG_COMPILER_GLOBAL_ACCENT_COLOR_NAME = AccentColor;
				CLANG_ENABLE_OBJC_WEAK = NO;
				CODE_SIGNING_ALLOWED = NO;
				GENERATE_INFOPLIST_FILE = YES;
				INFOPLIST_KEY_UILaunchScreen_Generation = YES;
				INFOPLIST_KEY_UISupportedInterfaceOrientations = "UIInterfaceOrientationPortrait UIInterfaceOrientationLandscapeLeft UIInterfaceOrientationLandscapeRight UIInterfaceOrientationPortraitUpsideDown";
				IPHONEOS_DEPLOYMENT_TARGET = 16.0;
				LD_RUNPATH_SEARCH_PATHS = "$(inherited) @executable_path/Frameworks";
				PRODUCT_BUNDLE_IDENTIFIER = com.kahnli.TideRefreshDemo;
				SDKROOT = iphoneos;
				SUPPORTS_MACCATALYST = NO;
				SWIFT_VERSION = 6.0;
				TARGETED_DEVICE_FAMILY = "1,2";
			};
			name = Debug;
		};
/* End XCBuildConfiguration section */

/* Begin XCConfigurationList section */
		0B8BED655348BE380C8E7B65 /* Build configuration list for PBXProject "TideRefreshDemo" */ = {
			isa = XCConfigurationList;
			buildConfigurations = (
				01900A994A0C98089B2810B5 /* Debug */,
				9802F3B25C1A39BAA7536105 /* Release */,
			);
			defaultConfigurationIsVisible = 0;
			defaultConfigurationName = Release;
		};
		CC50893AD00F749E78C1E8CF /* Build configuration list for PBXNativeTarget "TideRefreshDemo" */ = {
			isa = XCConfigurationList;
			buildConfigurations = (
				ED5596F43FB87A32E8C00714 /* Release */,
				FD5C412AAD59288ADBD9C474 /* Debug */,
			);
			defaultConfigurationIsVisible = 0;
			defaultConfigurationName = Release;
		};
		EB174BA1C3DF4824826165BA /* Build configuration list for PBXNativeTarget "TideRefreshTests" */ = {
			isa = XCConfigurationList;
			buildConfigurations = (
				CE1A0A6C0E9F88A1F8AB3F1A /* Release */,
				702AE72ACEB6FBE44937EED4 /* Debug */,
			);
			defaultConfigurationIsVisible = 0;
			defaultConfigurationName = Release;
		};
/* End XCConfigurationList section */

/* Begin XCLocalSwiftPackageReference section */
		01A6F11D10B45E7C713D70A7 /* XCLocalSwiftPackageReference ".." */ = {
			isa = XCLocalSwiftPackageReference;
			relativePath = ..;
		};
/* End XCLocalSwiftPackageReference section */

/* Begin XCSwiftPackageProductDependency section */
		D8B20A31FDFC2C33E8D4EEEC /* TideRefresh */ = {
			isa = XCSwiftPackageProductDependency;
			package = 01A6F11D10B45E7C713D70A7 /* XCLocalSwiftPackageReference ".." */;
			productName = TideRefresh;
		};
		FE0D0DB8682F44360FCDD712 /* TideRefresh */ = {
			isa = XCSwiftPackageProductDependency;
			package = 01A6F11D10B45E7C713D70A7 /* XCLocalSwiftPackageReference ".." */;
			productName = TideRefresh;
		};
/* End XCSwiftPackageProductDependency section */
	};
	rootObject = 999B55E993138C11E336EACB /* Project object */;
}
